
Microsoft Visual Studio Solution File, Format Version 12.00
# Visual Studio 2013
VisualStudioVersion = 12.0.40629.0
MinimumVisualStudioVersion = 10.0.40219.1
Project("{FAE04EC0-301F-11D3-BF4B-00C04F79EFBC}") = "Exam-Blobs", "Exam-Blobs\Exam-Blobs.csproj", "{82399F69-9AEF-4AE5-AA42-D39DB5DF1667}"
EndProject
Global
	GlobalSection(SolutionConfigurationPlatforms) = preSolution
		Debug|Any CPU = Debug|Any CPU
		Release|Any CPU = Release|Any CPU
	EndGlobalSection
	GlobalSection(ProjectConfigurationPlatforms) = postSolution
		{82399F69-9AEF-4AE5-AA42-D39DB5DF1667}.Debug|Any CPU.ActiveCfg = Debug|Any CPU
		{82399F69-9AEF-4AE5-AA42-D39DB5DF1667}.Debug|Any CPU.Build.0 = Debug|Any CPU
		{82399F69-9AEF-4AE5-AA42-D39DB5DF1667}.Release|Any CPU.ActiveCfg = Release|Any CPU
		{82399F69-9AEF-4AE5-AA42-D39DB5DF1667}.Release|Any CPU.Build.0 = Release|Any CPU
	EndGlobalSection
	GlobalSection(SolutionProperties) = preSolution
		HideSolutionNode = FALSE
	EndGlobalSection
EndGlobal
