
Microsoft Visual Studio Solution File, Format Version 12.00
# Visual Studio 2013
VisualStudioVersion = 12.0.40629.0
MinimumVisualStudioVersion = 10.0.40219.1
Project("{FAE04EC0-301F-11D3-BF4B-00C04F79EFBC}") = "Problem1HumanStudentAndWorker", "Problem1HumanStudentAndWorker\Problem1HumanStudentAndWorker.csproj", "{BC4DFD74-4E27-4CCF-A03F-F07F6A44A8D8}"
EndProject
Project("{FAE04EC0-301F-11D3-BF4B-00C04F79EFBC}") = "Problem2Animals", "Problem2Animals\Problem2Animals.csproj", "{8DEF948F-08B2-4735-889E-EA7583A6D430}"
EndProject
Project("{FAE04EC0-301F-11D3-BF4B-00C04F79EFBC}") = "Problem3CompanyHierarchy", "Problem3CompanyHierarchy\Problem3CompanyHierarchy.csproj", "{D09D5460-82B5-48FB-8B02-C7385FB8F091}"
EndProject
Global
	GlobalSection(SolutionConfigurationPlatforms) = preSolution
		Debug|Any CPU = Debug|Any CPU
		Release|Any CPU = Release|Any CPU
	EndGlobalSection
	GlobalSection(ProjectConfigurationPlatforms) = postSolution
		{BC4DFD74-4E27-4CCF-A03F-F07F6A44A8D8}.Debug|Any CPU.ActiveCfg = Debug|Any CPU
		{BC4DFD74-4E27-4CCF-A03F-F07F6A44A8D8}.Debug|Any CPU.Build.0 = Debug|Any CPU
		{BC4DFD74-4E27-4CCF-A03F-F07F6A44A8D8}.Release|Any CPU.ActiveCfg = Release|Any CPU
		{BC4DFD74-4E27-4CCF-A03F-F07F6A44A8D8}.Release|Any CPU.Build.0 = Release|Any CPU
		{8DEF948F-08B2-4735-889E-EA7583A6D430}.Debug|Any CPU.ActiveCfg = Debug|Any CPU
		{8DEF948F-08B2-4735-889E-EA7583A6D430}.Debug|Any CPU.Build.0 = Debug|Any CPU
		{8DEF948F-08B2-4735-889E-EA7583A6D430}.Release|Any CPU.ActiveCfg = Release|Any CPU
		{8DEF948F-08B2-4735-889E-EA7583A6D430}.Release|Any CPU.Build.0 = Release|Any CPU
		{D09D5460-82B5-48FB-8B02-C7385FB8F091}.Debug|Any CPU.ActiveCfg = Debug|Any CPU
		{D09D5460-82B5-48FB-8B02-C7385FB8F091}.Debug|Any CPU.Build.0 = Debug|Any CPU
		{D09D5460-82B5-48FB-8B02-C7385FB8F091}.Release|Any CPU.ActiveCfg = Release|Any CPU
		{D09D5460-82B5-48FB-8B02-C7385FB8F091}.Release|Any CPU.Build.0 = Release|Any CPU
	EndGlobalSection
	GlobalSection(SolutionProperties) = preSolution
		HideSolutionNode = FALSE
	EndGlobalSection
EndGlobal
